// !$*UTF8*$!
{
	archiveVersion = 1;
	classes = {
	};
	objectVersion = 50;
	objects = {

/* Begin PBXBuildFile section */
		1F23F2B725509345001DFED1 /* AppDelegate.swift in Sources */ = {isa = PBXBuildFile; fileRef = 1F23F2B625509345001DFED1 /* AppDelegate.swift */; };
		1F23F2B925509345001DFED1 /* ViewController.swift in Sources */ = {isa = PBXBuildFile; fileRef = 1F23F2B825509345001DFED1 /* ViewController.swift */; };
		1F23F2BB25509345001DFED1 /* Experience.rcproject in Sources */ = {isa = PBXBuildFile; fileRef = 1F23F2BA25509345001DFED1 /* Experience.rcproject */; };
		1F23F2BE25509345001DFED1 /* Main.storyboard in Resources */ = {isa = PBXBuildFile; fileRef = 1F23F2BC25509345001DFED1 /* Main.storyboard */; };
		1F23F2C025509349001DFED1 /* Assets.xcassets in Resources */ = {isa = PBXBuildFile; fileRef = 1F23F2BF25509349001DFED1 /* Assets.xcassets */; };
		1F23F2C325509349001DFED1 /* LaunchScreen.storyboard in Resources */ = {isa = PBXBuildFile; fileRef = 1F23F2C125509349001DFED1 /* LaunchScreen.storyboard */; };
		1F474BAF25565B7800C22F8C /* WaypointView.swift in Sources */ = {isa = PBXBuildFile; fileRef = 1F474BAE25565B7800C22F8C /* WaypointView.swift */; };
		1F474BB325565BDB00C22F8C /* WaypointView+Coaching.swift in Sources */ = {isa = PBXBuildFile; fileRef = 1F474BB225565BDB00C22F8C /* WaypointView+Coaching.swift */; };
		1F6CE921255E567500C0B2EC /* Instruction.swift in Sources */ = {isa = PBXBuildFile; fileRef = 1F6CE920255E567500C0B2EC /* Instruction.swift */; };
		1F6CE924255E5AC300C0B2EC /* InstructionTableViewController.swift in Sources */ = {isa = PBXBuildFile; fileRef = 1F6CE923255E5AC300C0B2EC /* InstructionTableViewController.swift */; };
		1FA8D2242559175E00DE50E6 /* WaypointList.swift in Sources */ = {isa = PBXBuildFile; fileRef = 1FA8D2232559175E00DE50E6 /* WaypointList.swift */; };
		1FD5FD892550A8870028A42A /* Waypoint.swift in Sources */ = {isa = PBXBuildFile; fileRef = 1FD5FD882550A8870028A42A /* Waypoint.swift */; };
		1FE4DFD7255F3D9E00EDC1A7 /* InstructionTableViewController+CBCentralDelegate.swift in Sources */ = {isa = PBXBuildFile; fileRef = 1FE4DFD6255F3D9E00EDC1A7 /* InstructionTableViewController+CBCentralDelegate.swift */; };
/* End PBXBuildFile section */

/* Begin PBXFileReference section */
		1F23F2B325509345001DFED1 /* Robo-AR.app */ = {isa = PBXFileReference; explicitFileType = wrapper.application; includeInIndex = 0; path = "Robo-AR.app"; sourceTree = BUILT_PRODUCTS_DIR; };
		1F23F2B625509345001DFED1 /* AppDelegate.swift */ = {isa = PBXFileReference; lastKnownFileType = sourcecode.swift; path = AppDelegate.swift; sourceTree = "<group>"; };
		1F23F2B825509345001DFED1 /* ViewController.swift */ = {isa = PBXFileReference; lastKnownFileType = sourcecode.swift; path = ViewController.swift; sourceTree = "<group>"; };
		1F23F2BA25509345001DFED1 /* Experience.rcproject */ = {isa = PBXFileReference; lastKnownFileType = file.rcproject; path = Experience.rcproject; sourceTree = "<group>"; };
		1F23F2BD25509345001DFED1 /* Base */ = {isa = PBXFileReference; lastKnownFileType = file.storyboard; name = Base; path = Base.lproj/Main.storyboard; sourceTree = "<group>"; };
		1F23F2BF25509349001DFED1 /* Assets.xcassets */ = {isa = PBXFileReference; lastKnownFileType = folder.assetcatalog; path = Assets.xcassets; sourceTree = "<group>"; };
		1F23F2C225509349001DFED1 /* Base */ = {isa = PBXFileReference; lastKnownFileType = file.storyboard; name = Base; path = Base.lproj/LaunchScreen.storyboard; sourceTree = "<group>"; };
		1F23F2C425509349001DFED1 /* Info.plist */ = {isa = PBXFileReference; lastKnownFileType = text.plist.xml; path = Info.plist; sourceTree = "<group>"; };
		1F474BAE25565B7800C22F8C /* WaypointView.swift */ = {isa = PBXFileReference; lastKnownFileType = sourcecode.swift; path = WaypointView.swift; sourceTree = "<group>"; };
		1F474BB225565BDB00C22F8C /* WaypointView+Coaching.swift */ = {isa = PBXFileReference; lastKnownFileType = sourcecode.swift; path = "WaypointView+Coaching.swift"; sourceTree = "<group>"; };
		1F6CE920255E567500C0B2EC /* Instruction.swift */ = {isa = PBXFileReference; lastKnownFileType = sourcecode.swift; path = Instruction.swift; sourceTree = "<group>"; };
		1F6CE923255E5AC300C0B2EC /* InstructionTableViewController.swift */ = {isa = PBXFileReference; lastKnownFileType = sourcecode.swift; path = InstructionTableViewController.swift; sourceTree = "<group>"; };
		1FA8D2232559175E00DE50E6 /* WaypointList.swift */ = {isa = PBXFileReference; lastKnownFileType = sourcecode.swift; name = WaypointList.swift; path = WaypointView/WaypointList.swift; sourceTree = "<group>"; };
		1FD5FD882550A8870028A42A /* Waypoint.swift */ = {isa = PBXFileReference; fileEncoding = 4; lastKnownFileType = sourcecode.swift; path = Waypoint.swift; sourceTree = "<group>"; };
		1FE4DFD6255F3D9E00EDC1A7 /* InstructionTableViewController+CBCentralDelegate.swift */ = {isa = PBXFileReference; lastKnownFileType = sourcecode.swift; path = "InstructionTableViewController+CBCentralDelegate.swift"; sourceTree = "<group>"; };
/* End PBXFileReference section */

/* Begin PBXFrameworksBuildPhase section */
		1F23F2B025509345001DFED1 /* Frameworks */ = {
			isa = PBXFrameworksBuildPhase;
			buildActionMask = 2147483647;
			files = (
			);
			runOnlyForDeploymentPostprocessing = 0;
		};
/* End PBXFrameworksBuildPhase section */

/* Begin PBXGroup section */
		1F23F2AA25509344001DFED1 = {
			isa = PBXGroup;
			children = (
				1F23F2B525509345001DFED1 /* Robo-AR */,
				1F23F2B425509345001DFED1 /* Products */,
			);
			sourceTree = "<group>";
		};
		1F23F2B425509345001DFED1 /* Products */ = {
			isa = PBXGroup;
			children = (
				1F23F2B325509345001DFED1 /* Robo-AR.app */,
			);
			name = Products;
			sourceTree = "<group>";
		};
		1F23F2B525509345001DFED1 /* Robo-AR */ = {
			isa = PBXGroup;
			children = (
				1FD5FD882550A8870028A42A /* Waypoint.swift */,
				1F23F2B625509345001DFED1 /* AppDelegate.swift */,
				1F23F2B825509345001DFED1 /* ViewController.swift */,
				1F474BB125565BC100C22F8C /* WaypointView */,
				1F23F2BA25509345001DFED1 /* Experience.rcproject */,
				1F23F2BC25509345001DFED1 /* Main.storyboard */,
				1F23F2BF25509349001DFED1 /* Assets.xcassets */,
				1F23F2C125509349001DFED1 /* LaunchScreen.storyboard */,
				1F23F2C425509349001DFED1 /* Info.plist */,
				1FA8D2232559175E00DE50E6 /* WaypointList.swift */,
				1F6CE920255E567500C0B2EC /* Instruction.swift */,
				1F6CE923255E5AC300C0B2EC /* InstructionTableViewController.swift */,
				1FE4DFD6255F3D9E00EDC1A7 /* InstructionTableViewController+CBCentralDelegate.swift */,
			);
			path = "Robo-AR";
			sourceTree = "<group>";
		};
		1F474BB125565BC100C22F8C /* WaypointView */ = {
			isa = PBXGroup;
			children = (
				1F474BAE25565B7800C22F8C /* WaypointView.swift */,
				1F474BB225565BDB00C22F8C /* WaypointView+Coaching.swift */,
			);
			path = WaypointView;
			sourceTree = "<group>";
		};
/* End PBXGroup section */

/* Begin PBXNativeTarget section */
		1F23F2B225509345001DFED1 /* Robo-AR */ = {
			isa = PBXNativeTarget;
			buildConfigurationList = 1F23F2C725509349001DFED1 /* Build configuration list for PBXNativeTarget "Robo-AR" */;
			buildPhases = (
				1F23F2AF25509345001DFED1 /* Sources */,
				1F23F2B025509345001DFED1 /* Frameworks */,
				1F23F2B125509345001DFED1 /* Resources */,
			);
			buildRules = (
			);
			dependencies = (
			);
			name = "Robo-AR";
			productName = "Robo-AR";
			productReference = 1F23F2B325509345001DFED1 /* Robo-AR.app */;
			productType = "com.apple.product-type.application";
		};
/* End PBXNativeTarget section */

/* Begin PBXProject section */
		1F23F2AB25509344001DFED1 /* Project object */ = {
			isa = PBXProject;
			attributes = {
				LastSwiftUpdateCheck = 1140;
				LastUpgradeCheck = 1140;
				ORGANIZATIONNAME = "Anmol Parande";
				TargetAttributes = {
					1F23F2B225509345001DFED1 = {
						CreatedOnToolsVersion = 11.4.1;
					};
				};
			};
			buildConfigurationList = 1F23F2AE25509344001DFED1 /* Build configuration list for PBXProject "Robo-AR" */;
			compatibilityVersion = "Xcode 9.3";
			developmentRegion = en;
			hasScannedForEncodings = 0;
			knownRegions = (
				en,
				Base,
			);
			mainGroup = 1F23F2AA25509344001DFED1;
			productRefGroup = 1F23F2B425509345001DFED1 /* Products */;
			projectDirPath = "";
			projectRoot = "";
			targets = (
				1F23F2B225509345001DFED1 /* Robo-AR */,
			);
		};
/* End PBXProject section */

/* Begin PBXResourcesBuildPhase section */
		1F23F2B125509345001DFED1 /* Resources */ = {
			isa = PBXResourcesBuildPhase;
			buildActionMask = 2147483647;
			files = (
				1F23F2C325509349001DFED1 /* LaunchScreen.storyboard in Resources */,
				1F23F2C025509349001DFED1 /* Assets.xcassets in Resources */,
				1F23F2BE25509345001DFED1 /* Main.storyboard in Resources */,
			);
			runOnlyForDeploymentPostprocessing = 0;
		};
/* End PBXResourcesBuildPhase section */

/* Begin PBXSourcesBuildPhase section */
		1F23F2AF25509345001DFED1 /* Sources */ = {
			isa = PBXSourcesBuildPhase;
			buildActionMask = 2147483647;
			files = (
				1F474BAF25565B7800C22F8C /* WaypointView.swift in Sources */,
				1FD5FD892550A8870028A42A /* Waypoint.swift in Sources */,
				1F23F2B925509345001DFED1 /* ViewController.swift in Sources */,
				1FA8D2242559175E00DE50E6 /* WaypointList.swift in Sources */,
				1F23F2B725509345001DFED1 /* AppDelegate.swift in Sources */,
				1F23F2BB25509345001DFED1 /* Experience.rcproject in Sources */,
				1F6CE921255E567500C0B2EC /* Instruction.swift in Sources */,
				1F6CE924255E5AC300C0B2EC /* InstructionTableViewController.swift in Sources */,
				1FE4DFD7255F3D9E00EDC1A7 /* InstructionTableViewController+CBCentralDelegate.swift in Sources */,
				1F474BB325565BDB00C22F8C /* WaypointView+Coaching.swift in Sources */,
			);
			runOnlyForDeploymentPostprocessing = 0;
		};
/* End PBXSourcesBuildPhase section */

/* Begin PBXVariantGroup section */
		1F23F2BC25509345001DFED1 /* Main.storyboard */ = {
			isa = PBXVariantGroup;
			children = (
				1F23F2BD25509345001DFED1 /* Base */,
			);
			name = Main.storyboard;
			sourceTree = "<group>";
		};
		1F23F2C125509349001DFED1 /* LaunchScreen.storyboard */ = {
			isa = PBXVariantGroup;
			children = (
				1F23F2C225509349001DFED1 /* Base */,
			);
			name = LaunchScreen.storyboard;
			sourceTree = "<group>";
		};
/* End PBXVariantGroup section */

/* Begin XCBuildConfiguration section */
		1F23F2C525509349001DFED1 /* Debug */ = {
			isa = XCBuildConfiguration;
			buildSettings = {
				ALWAYS_SEARCH_USER_PATHS = NO;
				CLANG_ANALYZER_NONNULL = YES;
				CLANG_ANALYZER_NUMBER_OBJECT_CONVERSION = YES_AGGRESSIVE;
				CLANG_CXX_LANGUAGE_STANDARD = "gnu++14";
				CLANG_CXX_LIBRARY = "libc++";
				CLANG_ENABLE_MODULES = YES;
				CLANG_ENABLE_OBJC_ARC = YES;
				CLANG_ENABLE_OBJC_WEAK = YES;
				CLANG_WARN_BLOCK_CAPTURE_AUTORELEASING = YES;
				CLANG_WARN_BOOL_CONVERSION = YES;
				CLANG_WARN_COMMA = YES;
				CLANG_WARN_CONSTANT_CONVERSION = YES;
				CLANG_WARN_DEPRECATED_OBJC_IMPLEMENTATIONS = YES;
				CLANG_WARN_DIRECT_OBJC_ISA_USAGE = YES_ERROR;
				CLANG_WARN_DOCUMENTATION_COMMENTS = YES;
				CLANG_WARN_EMPTY_BODY = YES;
				CLANG_WARN_ENUM_CONVERSION = YES;
				CLANG_WARN_INFINITE_RECURSION = YES;
				CLANG_WARN_INT_CONVERSION = YES;
				CLANG_WARN_NON_LITERAL_NULL_CONVERSION = YES;
				CLANG_WARN_OBJC_IMPLICIT_RETAIN_SELF = YES;
				CLANG_WARN_OBJC_LITERAL_CONVERSION = YES;
				CLANG_WARN_OBJC_ROOT_CLASS = YES_ERROR;
				CLANG_WARN_RANGE_LOOP_ANALYSIS = YES;
				CLANG_WARN_STRICT_PROTOTYPES = YES;
				CLANG_WARN_SUSPICIOUS_MOVE = YES;
				CLANG_WARN_UNGUARDED_AVAILABILITY = YES_AGGRESSIVE;
				CLANG_WARN_UNREACHABLE_CODE = YES;
				CLANG_WARN__DUPLICATE_METHOD_MATCH = YES;
				COPY_PHASE_STRIP = NO;
				DEBUG_INFORMATION_FORMAT = dwarf;
				ENABLE_STRICT_OBJC_MSGSEND = YES;
				ENABLE_TESTABILITY = YES;
				GCC_C_LANGUAGE_STANDARD = gnu11;
				GCC_DYNAMIC_NO_PIC = NO;
				GCC_NO_COMMON_BLOCKS = YES;
				GCC_OPTIMIZATION_LEVEL = 0;
				GCC_PREPROCESSOR_DEFINITIONS = (
					"DEBUG=1",
					"$(inherited)",
				);
				GCC_WARN_64_TO_32_BIT_CONVERSION = YES;
				GCC_WARN_ABOUT_RETURN_TYPE = YES_ERROR;
				GCC_WARN_UNDECLARED_SELECTOR = YES;
				GCC_WARN_UNINITIALIZED_AUTOS = YES_AGGRESSIVE;
				GCC_WARN_UNUSED_FUNCTION = YES;
				GCC_WARN_UNUSED_VARIABLE = YES;
				IPHONEOS_DEPLOYMENT_TARGET = 13.4;
				MTL_ENABLE_DEBUG_INFO = INCLUDE_SOURCE;
				MTL_FAST_MATH = YES;
				ONLY_ACTIVE_ARCH = YES;
				SDKROOT = iphoneos;
				SWIFT_ACTIVE_COMPILATION_CONDITIONS = DEBUG;
				SWIFT_OPTIMIZATION_LEVEL = "-Onone";
			};
			name = Debug;
		};
		1F23F2C625509349001DFED1 /* Release */ = {
			isa = XCBuildConfiguration;
			buildSettings = {
				ALWAYS_SEARCH_USER_PATHS = NO;
				CLANG_ANALYZER_NONNULL = YES;
				CLANG_ANALYZER_NUMBER_OBJECT_CONVERSION = YES_AGGRESSIVE;
				CLANG_CXX_LANGUAGE_STANDARD = "gnu++14";
				CLANG_CXX_LIBRARY = "libc++";
				CLANG_ENABLE_MODULES = YES;
				CLANG_ENABLE_OBJC_ARC = YES;
				CLANG_ENABLE_OBJC_WEAK = YES;
				CLANG_WARN_BLOCK_CAPTURE_AUTORELEASING = YES;
				CLANG_WARN_BOOL_CONVERSION = YES;
				CLANG_WARN_COMMA = YES;
				CLANG_WARN_CONSTANT_CONVERSION = YES;
				CLANG_WARN_DEPRECATED_OBJC_IMPLEMENTATIONS = YES;
				CLANG_WARN_DIRECT_OBJC_ISA_USAGE = YES_ERROR;
				CLANG_WARN_DOCUMENTATION_COMMENTS = YES;
				CLANG_WARN_EMPTY_BODY = YES;
				CLANG_WARN_ENUM_CONVERSION = YES;
				CLANG_WARN_INFINITE_RECURSION = YES;
				CLANG_WARN_INT_CONVERSION = YES;
				CLANG_WARN_NON_LITERAL_NULL_CONVERSION = YES;
				CLANG_WARN_OBJC_IMPLICIT_RETAIN_SELF = YES;
				CLANG_WARN_OBJC_LITERAL_CONVERSION = YES;
				CLANG_WARN_OBJC_ROOT_CLASS = YES_ERROR;
				CLANG_WARN_RANGE_LOOP_ANALYSIS = YES;
				CLANG_WARN_STRICT_PROTOTYPES = YES;
				CLANG_WARN_SUSPICIOUS_MOVE = YES;
				CLANG_WARN_UNGUARDED_AVAILABILITY = YES_AGGRESSIVE;
				CLANG_WARN_UNREACHABLE_CODE = YES;
				CLANG_WARN__DUPLICATE_METHOD_MATCH = YES;
				COPY_PHASE_STRIP = NO;
				DEBUG_INFORMATION_FORMAT = "dwarf-with-dsym";
				ENABLE_NS_ASSERTIONS = NO;
				ENABLE_STRICT_OBJC_MSGSEND = YES;
				GCC_C_LANGUAGE_STANDARD = gnu11;
				GCC_NO_COMMON_BLOCKS = YES;
				GCC_WARN_64_TO_32_BIT_CONVERSION = YES;
				GCC_WARN_ABOUT_RETURN_TYPE = YES_ERROR;
				GCC_WARN_UNDECLARED_SELECTOR = YES;
				GCC_WARN_UNINITIALIZED_AUTOS = YES_AGGRESSIVE;
				GCC_WARN_UNUSED_FUNCTION = YES;
				GCC_WARN_UNUSED_VARIABLE = YES;
				IPHONEOS_DEPLOYMENT_TARGET = 13.4;
				MTL_ENABLE_DEBUG_INFO = NO;
				MTL_FAST_MATH = YES;
				SDKROOT = iphoneos;
				SWIFT_COMPILATION_MODE = wholemodule;
				SWIFT_OPTIMIZATION_LEVEL = "-O";
				VALIDATE_PRODUCT = YES;
			};
			name = Release;
		};
		1F23F2C825509349001DFED1 /* Debug */ = {
			isa = XCBuildConfiguration;
			buildSettings = {
				ASSETCATALOG_COMPILER_APPICON_NAME = AppIcon;
				CODE_SIGN_STYLE = Automatic;
				DEVELOPMENT_TEAM = CZ787F8MST;
				INFOPLIST_FILE = "Robo-AR/Info.plist";
				LD_RUNPATH_SEARCH_PATHS = (
					"$(inherited)",
					"@executable_path/Frameworks",
				);
				PRODUCT_BUNDLE_IDENTIFIER = "com.anmolparande.Robo-AR";
				PRODUCT_NAME = "$(TARGET_NAME)";
				SWIFT_VERSION = 5.0;
				TARGETED_DEVICE_FAMILY = "1,2";
			};
			name = Debug;
		};
		1F23F2C925509349001DFED1 /* Release */ = {
			isa = XCBuildConfiguration;
			buildSettings = {
				ASSETCATALOG_COMPILER_APPICON_NAME = AppIcon;
				CODE_SIGN_STYLE = Automatic;
				DEVELOPMENT_TEAM = CZ787F8MST;
				INFOPLIST_FILE = "Robo-AR/Info.plist";
				LD_RUNPATH_SEARCH_PATHS = (
					"$(inherited)",
					"@executable_path/Frameworks",
				);
				PRODUCT_BUNDLE_IDENTIFIER = "com.anmolparande.Robo-AR";
				PRODUCT_NAME = "$(TARGET_NAME)";
				SWIFT_VERSION = 5.0;
				TARGETED_DEVICE_FAMILY = "1,2";
			};
			name = Release;
		};
/* End XCBuildConfiguration section */

/* Begin XCConfigurationList section */
		1F23F2AE25509344001DFED1 /* Build configuration list for PBXProject "Robo-AR" */ = {
			isa = XCConfigurationList;
			buildConfigurations = (
				1F23F2C525509349001DFED1 /* Debug */,
				1F23F2C625509349001DFED1 /* Release */,
			);
			defaultConfigurationIsVisible = 0;
			defaultConfigurationName = Release;
		};
		1F23F2C725509349001DFED1 /* Build configuration list for PBXNativeTarget "Robo-AR" */ = {
			isa = XCConfigurationList;
			buildConfigurations = (
				1F23F2C825509349001DFED1 /* Debug */,
				1F23F2C925509349001DFED1 /* Release */,
			);
			defaultConfigurationIsVisible = 0;
			defaultConfigurationName = Release;
		};
/* End XCConfigurationList section */
	};
	rootObject = 1F23F2AB25509344001DFED1 /* Project object */;
}
